# THIS IS AN AUTOGENERATED FILE. DO NOT EDIT THIS FILE DIRECTLY.
# yarn lockfile v1


"@prisma/client@^5.13.0":
  version "5.13.0"
  resolved "https://registry.npmjs.org/@prisma/client/-/client-5.13.0.tgz"
  integrity sha512-uYdfpPncbZ/syJyiYBwGZS8Gt1PTNoErNYMuqHDa2r30rNSFtgTA/LXsSk55R7pdRTMi5pHkeP9B14K6nHmwkg==

prisma-client@^0.0.0:
  version "0.0.0"
  resolved "https://registry.npmjs.org/prisma-client/-/prisma-client-0.0.0.tgz"
  integrity sha512-tbK0ZaUt4E9IkQalS+2V5dv45lTcwxWNSXenRNEgSuzTJWW3T6SUgBfuk0gUS5wC07eQNEOU6/SVomVL/hsaHw==

typescript@^5.4.5:
  version "5.4.5"
  resolved "https://registry.npmjs.org/typescript/-/typescript-5.4.5.tgz"
  integrity sha512-vcI4UpRgg81oIRUFwR0WSIHKt11nJ7SAVlYNIu+QpqeyXP+gpQJy/Z4+F0aGxSE4MqwjyXvW/TzgkLAx2AGHwQ==
